
Microsoft Visual Studio Solution File, Format Version 12.00
# Visual Studio Version 17
VisualStudioVersion = 17.1.32210.238
MinimumVisualStudioVersion = 10.0.40219.1
Project("{FAE04EC0-301F-11D3-BF4B-00C04F79EFBC}") = "PrototypePattern", "PrototypePattern\PrototypePattern.csproj", "{2A3176FC-AC81-46CC-B473-0CD4082C118A}"
EndProject
Global
	GlobalSection(SolutionConfigurationPlatforms) = preSolution
		Debug|Any CPU = Debug|Any CPU
		Release|Any CPU = Release|Any CPU
	EndGlobalSection
	GlobalSection(ProjectConfigurationPlatforms) = postSolution
		{2A3176FC-AC81-46CC-B473-0CD4082C118A}.Debug|Any CPU.ActiveCfg = Debug|Any CPU
		{2A3176FC-AC81-46CC-B473-0CD4082C118A}.Debug|Any CPU.Build.0 = Debug|Any CPU
		{2A3176FC-AC81-46CC-B473-0CD4082C118A}.Release|Any CPU.ActiveCfg = Release|Any CPU
		{2A3176FC-AC81-46CC-B473-0CD4082C118A}.Release|Any CPU.Build.0 = Release|Any CPU
	EndGlobalSection
	GlobalSection(SolutionProperties) = preSolution
		HideSolutionNode = FALSE
	EndGlobalSection
	GlobalSection(ExtensibilityGlobals) = postSolution
		SolutionGuid = {F4372AEE-6BF9-426F-ADE9-166E8B5D37FE}
	EndGlobalSection
EndGlobal
